
Microsoft Visual Studio Solution File, Format Version 12.00
# Visual Studio 15
VisualStudioVersion = 15.0.28307.539
MinimumVisualStudioVersion = 10.0.40219.1
Project("{FAE04EC0-301F-11D3-BF4B-00C04F79EFBC}") = "Project3", "Project3\Project3.csproj", "{F245B66B-D505-41C7-AD9F-FF8E3F6B3189}"
EndProject
Project("{FAE04EC0-301F-11D3-BF4B-00C04F79EFBC}") = "UnitTestProject1", "UnitTestProject1\UnitTestProject1.csproj", "{265AB019-254F-406D-82F6-79A161227F53}"
EndProject
Global
	GlobalSection(SolutionConfigurationPlatforms) = preSolution
		Debug|Any CPU = Debug|Any CPU
		Release|Any CPU = Release|Any CPU
	EndGlobalSection
	GlobalSection(ProjectConfigurationPlatforms) = postSolution
		{F245B66B-D505-41C7-AD9F-FF8E3F6B3189}.Debug|Any CPU.ActiveCfg = Debug|Any CPU
		{F245B66B-D505-41C7-AD9F-FF8E3F6B3189}.Debug|Any CPU.Build.0 = Debug|Any CPU
		{F245B66B-D505-41C7-AD9F-FF8E3F6B3189}.Release|Any CPU.ActiveCfg = Release|Any CPU
		{F245B66B-D505-41C7-AD9F-FF8E3F6B3189}.Release|Any CPU.Build.0 = Release|Any CPU
		{265AB019-254F-406D-82F6-79A161227F53}.Debug|Any CPU.ActiveCfg = Debug|Any CPU
		{265AB019-254F-406D-82F6-79A161227F53}.Debug|Any CPU.Build.0 = Debug|Any CPU
		{265AB019-254F-406D-82F6-79A161227F53}.Release|Any CPU.ActiveCfg = Release|Any CPU
		{265AB019-254F-406D-82F6-79A161227F53}.Release|Any CPU.Build.0 = Release|Any CPU
	EndGlobalSection
	GlobalSection(SolutionProperties) = preSolution
		HideSolutionNode = FALSE
	EndGlobalSection
	GlobalSection(ExtensibilityGlobals) = postSolution
		SolutionGuid = {AFB711C7-E2C4-4F66-8A45-3059BD04E393}
	EndGlobalSection
EndGlobal
