
Microsoft Visual Studio Solution File, Format Version 12.00
# Visual Studio 15
VisualStudioVersion = 15.0.28307.489
MinimumVisualStudioVersion = 10.0.40219.1
Project("{FAE04EC0-301F-11D3-BF4B-00C04F79EFBC}") = "Adapter", "Adapter\Adapter.csproj", "{2AF5E463-0532-4E22-B0E7-DC847EE9A0D6}"
EndProject
Global
	GlobalSection(SolutionConfigurationPlatforms) = preSolution
		Debug|Any CPU = Debug|Any CPU
		Release|Any CPU = Release|Any CPU
	EndGlobalSection
	GlobalSection(ProjectConfigurationPlatforms) = postSolution
		{2AF5E463-0532-4E22-B0E7-DC847EE9A0D6}.Debug|Any CPU.ActiveCfg = Debug|Any CPU
		{2AF5E463-0532-4E22-B0E7-DC847EE9A0D6}.Debug|Any CPU.Build.0 = Debug|Any CPU
		{2AF5E463-0532-4E22-B0E7-DC847EE9A0D6}.Release|Any CPU.ActiveCfg = Release|Any CPU
		{2AF5E463-0532-4E22-B0E7-DC847EE9A0D6}.Release|Any CPU.Build.0 = Release|Any CPU
	EndGlobalSection
	GlobalSection(SolutionProperties) = preSolution
		HideSolutionNode = FALSE
	EndGlobalSection
	GlobalSection(ExtensibilityGlobals) = postSolution
		SolutionGuid = {9AF9E796-63A8-4874-B153-ED77F83F0639}
	EndGlobalSection
EndGlobal
