
Microsoft Visual Studio Solution File, Format Version 12.00
# Visual Studio 15
VisualStudioVersion = 15.0.28307.539
MinimumVisualStudioVersion = 10.0.40219.1
Project("{FAE04EC0-301F-11D3-BF4B-00C04F79EFBC}") = "Project2", "Project2\Project2.csproj", "{BA41B68E-F300-4B89-8C93-E22D9E375DA4}"
EndProject
Project("{FAE04EC0-301F-11D3-BF4B-00C04F79EFBC}") = "UnitTestProject1", "UnitTestProject1\UnitTestProject1.csproj", "{0C4F9E22-821C-4C1D-A1EA-E8A2F896DA3E}"
EndProject
Global
	GlobalSection(SolutionConfigurationPlatforms) = preSolution
		Debug|Any CPU = Debug|Any CPU
		Release|Any CPU = Release|Any CPU
	EndGlobalSection
	GlobalSection(ProjectConfigurationPlatforms) = postSolution
		{BA41B68E-F300-4B89-8C93-E22D9E375DA4}.Debug|Any CPU.ActiveCfg = Debug|Any CPU
		{BA41B68E-F300-4B89-8C93-E22D9E375DA4}.Debug|Any CPU.Build.0 = Debug|Any CPU
		{BA41B68E-F300-4B89-8C93-E22D9E375DA4}.Release|Any CPU.ActiveCfg = Release|Any CPU
		{BA41B68E-F300-4B89-8C93-E22D9E375DA4}.Release|Any CPU.Build.0 = Release|Any CPU
		{0C4F9E22-821C-4C1D-A1EA-E8A2F896DA3E}.Debug|Any CPU.ActiveCfg = Debug|Any CPU
		{0C4F9E22-821C-4C1D-A1EA-E8A2F896DA3E}.Debug|Any CPU.Build.0 = Debug|Any CPU
		{0C4F9E22-821C-4C1D-A1EA-E8A2F896DA3E}.Release|Any CPU.ActiveCfg = Release|Any CPU
		{0C4F9E22-821C-4C1D-A1EA-E8A2F896DA3E}.Release|Any CPU.Build.0 = Release|Any CPU
	EndGlobalSection
	GlobalSection(SolutionProperties) = preSolution
		HideSolutionNode = FALSE
	EndGlobalSection
	GlobalSection(ExtensibilityGlobals) = postSolution
		SolutionGuid = {168882CC-4FCA-422A-BA60-C12528EAB6CF}
	EndGlobalSection
EndGlobal
